
Microsoft Visual Studio Solution File, Format Version 12.00
# Visual Studio Version 17
VisualStudioVersion = 17.4.33213.308
MinimumVisualStudioVersion = 10.0.40219.1
Project("{FAE04EC0-301F-11D3-BF4B-00C04F79EFBC}") = "ConsoleApp2", "ConsoleApp2\ConsoleApp2.csproj", "{83087C90-D68C-44C5-9AFD-17BCDAA8D002}"
EndProject
Global
	GlobalSection(SolutionConfigurationPlatforms) = preSolution
		Debug|Any CPU = Debug|Any CPU
		Release|Any CPU = Release|Any CPU
	EndGlobalSection
	GlobalSection(ProjectConfigurationPlatforms) = postSolution
		{83087C90-D68C-44C5-9AFD-17BCDAA8D002}.Debug|Any CPU.ActiveCfg = Debug|Any CPU
		{83087C90-D68C-44C5-9AFD-17BCDAA8D002}.Debug|Any CPU.Build.0 = Debug|Any CPU
		{83087C90-D68C-44C5-9AFD-17BCDAA8D002}.Release|Any CPU.ActiveCfg = Release|Any CPU
		{83087C90-D68C-44C5-9AFD-17BCDAA8D002}.Release|Any CPU.Build.0 = Release|Any CPU
	EndGlobalSection
	GlobalSection(SolutionProperties) = preSolution
		HideSolutionNode = FALSE
	EndGlobalSection
	GlobalSection(ExtensibilityGlobals) = postSolution
		SolutionGuid = {2889A530-8B26-44B1-B861-5023AFFB9B7A}
	EndGlobalSection
EndGlobal
